
Microsoft Visual Studio Solution File, Format Version 12.00
# Visual Studio 2013
VisualStudioVersion = 12.0.31101.0
MinimumVisualStudioVersion = 10.0.40219.1
Project("{262852C6-CD72-467D-83FE-5EEB1973A190}") = "Test_Five", "Test_Five\Test_Five.jsproj", "{3E5C5315-9383-4C8B-B937-28409507A6CE}"
EndProject
Project("{2150E333-8FDC-42A3-9474-1A3956D46DE8}") = ".nuget", ".nuget", "{163D322A-6F55-4ABA-A900-2A4D565752F7}"
	ProjectSection(SolutionItems) = preProject
		.nuget\NuGet.Config = .nuget\NuGet.Config
		.nuget\NuGet.exe = .nuget\NuGet.exe
		.nuget\NuGet.targets = .nuget\NuGet.targets
	EndProjectSection
EndProject
Global
	GlobalSection(SolutionConfigurationPlatforms) = preSolution
		Debug|Android = Debug|Android
		Debug|iOS = Debug|iOS
		Debug|Windows Phone (Universal) = Debug|Windows Phone (Universal)
		Debug|Windows Phone 8 = Debug|Windows Phone 8
		Debug|Windows-AnyCPU = Debug|Windows-AnyCPU
		Debug|Windows-ARM = Debug|Windows-ARM
		Debug|Windows-x64 = Debug|Windows-x64
		Debug|Windows-x86 = Debug|Windows-x86
		Distribution|Android = Distribution|Android
		Distribution|iOS = Distribution|iOS
		Distribution|Windows Phone (Universal) = Distribution|Windows Phone (Universal)
		Distribution|Windows Phone 8 = Distribution|Windows Phone 8
		Distribution|Windows-AnyCPU = Distribution|Windows-AnyCPU
		Distribution|Windows-ARM = Distribution|Windows-ARM
		Distribution|Windows-x64 = Distribution|Windows-x64
		Distribution|Windows-x86 = Distribution|Windows-x86
		Release|Android = Release|Android
		Release|iOS = Release|iOS
		Release|Windows Phone (Universal) = Release|Windows Phone (Universal)
		Release|Windows Phone 8 = Release|Windows Phone 8
		Release|Windows-AnyCPU = Release|Windows-AnyCPU
		Release|Windows-ARM = Release|Windows-ARM
		Release|Windows-x64 = Release|Windows-x64
		Release|Windows-x86 = Release|Windows-x86
	EndGlobalSection
	GlobalSection(ProjectConfigurationPlatforms) = postSolution
		{3E5C5315-9383-4C8B-B937-28409507A6CE}.Debug|Android.ActiveCfg = Debug|Android
		{3E5C5315-9383-4C8B-B937-28409507A6CE}.Debug|Android.Build.0 = Debug|Android
		{3E5C5315-9383-4C8B-B937-28409507A6CE}.Debug|Android.Deploy.0 = Debug|Android
		{3E5C5315-9383-4C8B-B937-28409507A6CE}.Debug|iOS.ActiveCfg = Debug|iOS
		{3E5C5315-9383-4C8B-B937-28409507A6CE}.Debug|iOS.Build.0 = Debug|iOS
		{3E5C5315-9383-4C8B-B937-28409507A6CE}.Debug|iOS.Deploy.0 = Debug|iOS
		{3E5C5315-9383-4C8B-B937-28409507A6CE}.Debug|Windows Phone (Universal).ActiveCfg = Debug|Windows Phone (Universal)
		{3E5C5315-9383-4C8B-B937-28409507A6CE}.Debug|Windows Phone (Universal).Build.0 = Debug|Windows Phone (Universal)
		{3E5C5315-9383-4C8B-B937-28409507A6CE}.Debug|Windows Phone (Universal).Deploy.0 = Debug|Windows Phone (Universal)
		{3E5C5315-9383-4C8B-B937-28409507A6CE}.Debug|Windows Phone 8.ActiveCfg = Debug|Windows Phone 8
		{3E5C5315-9383-4C8B-B937-28409507A6CE}.Debug|Windows Phone 8.Build.0 = Debug|Windows Phone 8
		{3E5C5315-9383-4C8B-B937-28409507A6CE}.Debug|Windows Phone 8.Deploy.0 = Debug|Windows Phone 8
		{3E5C5315-9383-4C8B-B937-28409507A6CE}.Debug|Windows-AnyCPU.ActiveCfg = Debug|Windows-AnyCPU
		{3E5C5315-9383-4C8B-B937-28409507A6CE}.Debug|Windows-AnyCPU.Build.0 = Debug|Windows-AnyCPU
		{3E5C5315-9383-4C8B-B937-28409507A6CE}.Debug|Windows-AnyCPU.Deploy.0 = Debug|Windows-AnyCPU
		{3E5C5315-9383-4C8B-B937-28409507A6CE}.Debug|Windows-ARM.ActiveCfg = Debug|Windows-ARM
		{3E5C5315-9383-4C8B-B937-28409507A6CE}.Debug|Windows-ARM.Build.0 = Debug|Windows-ARM
		{3E5C5315-9383-4C8B-B937-28409507A6CE}.Debug|Windows-ARM.Deploy.0 = Debug|Windows-ARM
		{3E5C5315-9383-4C8B-B937-28409507A6CE}.Debug|Windows-x64.ActiveCfg = Debug|Windows-x64
		{3E5C5315-9383-4C8B-B937-28409507A6CE}.Debug|Windows-x64.Build.0 = Debug|Windows-x64
		{3E5C5315-9383-4C8B-B937-28409507A6CE}.Debug|Windows-x64.Deploy.0 = Debug|Windows-x64
		{3E5C5315-9383-4C8B-B937-28409507A6CE}.Debug|Windows-x86.ActiveCfg = Debug|Windows-x86
		{3E5C5315-9383-4C8B-B937-28409507A6CE}.Debug|Windows-x86.Build.0 = Debug|Windows-x86
		{3E5C5315-9383-4C8B-B937-28409507A6CE}.Debug|Windows-x86.Deploy.0 = Debug|Windows-x86
		{3E5C5315-9383-4C8B-B937-28409507A6CE}.Distribution|Android.ActiveCfg = Distribution|Android
		{3E5C5315-9383-4C8B-B937-28409507A6CE}.Distribution|Android.Build.0 = Distribution|Android
		{3E5C5315-9383-4C8B-B937-28409507A6CE}.Distribution|Android.Deploy.0 = Distribution|Android
		{3E5C5315-9383-4C8B-B937-28409507A6CE}.Distribution|iOS.ActiveCfg = Distribution|iOS
		{3E5C5315-9383-4C8B-B937-28409507A6CE}.Distribution|iOS.Build.0 = Distribution|iOS
		{3E5C5315-9383-4C8B-B937-28409507A6CE}.Distribution|iOS.Deploy.0 = Distribution|iOS
		{3E5C5315-9383-4C8B-B937-28409507A6CE}.Distribution|Windows Phone (Universal).ActiveCfg = Distribution|Windows Phone (Universal)
		{3E5C5315-9383-4C8B-B937-28409507A6CE}.Distribution|Windows Phone (Universal).Build.0 = Distribution|Windows Phone (Universal)
		{3E5C5315-9383-4C8B-B937-28409507A6CE}.Distribution|Windows Phone (Universal).Deploy.0 = Distribution|Windows Phone (Universal)
		{3E5C5315-9383-4C8B-B937-28409507A6CE}.Distribution|Windows Phone 8.ActiveCfg = Distribution|Windows Phone 8
		{3E5C5315-9383-4C8B-B937-28409507A6CE}.Distribution|Windows Phone 8.Build.0 = Distribution|Windows Phone 8
		{3E5C5315-9383-4C8B-B937-28409507A6CE}.Distribution|Windows Phone 8.Deploy.0 = Distribution|Windows Phone 8
		{3E5C5315-9383-4C8B-B937-28409507A6CE}.Distribution|Windows-AnyCPU.ActiveCfg = Distribution|Windows-AnyCPU
		{3E5C5315-9383-4C8B-B937-28409507A6CE}.Distribution|Windows-AnyCPU.Build.0 = Distribution|Windows-AnyCPU
		{3E5C5315-9383-4C8B-B937-28409507A6CE}.Distribution|Windows-AnyCPU.Deploy.0 = Distribution|Windows-AnyCPU
		{3E5C5315-9383-4C8B-B937-28409507A6CE}.Distribution|Windows-ARM.ActiveCfg = Distribution|Windows-ARM
		{3E5C5315-9383-4C8B-B937-28409507A6CE}.Distribution|Windows-ARM.Build.0 = Distribution|Windows-ARM
		{3E5C5315-9383-4C8B-B937-28409507A6CE}.Distribution|Windows-ARM.Deploy.0 = Distribution|Windows-ARM
		{3E5C5315-9383-4C8B-B937-28409507A6CE}.Distribution|Windows-x64.ActiveCfg = Distribution|Windows-x64
		{3E5C5315-9383-4C8B-B937-28409507A6CE}.Distribution|Windows-x64.Build.0 = Distribution|Windows-x64
		{3E5C5315-9383-4C8B-B937-28409507A6CE}.Distribution|Windows-x64.Deploy.0 = Distribution|Windows-x64
		{3E5C5315-9383-4C8B-B937-28409507A6CE}.Distribution|Windows-x86.ActiveCfg = Distribution|Windows-x86
		{3E5C5315-9383-4C8B-B937-28409507A6CE}.Distribution|Windows-x86.Build.0 = Distribution|Windows-x86
		{3E5C5315-9383-4C8B-B937-28409507A6CE}.Distribution|Windows-x86.Deploy.0 = Distribution|Windows-x86
		{3E5C5315-9383-4C8B-B937-28409507A6CE}.Release|Android.ActiveCfg = Release|Android
		{3E5C5315-9383-4C8B-B937-28409507A6CE}.Release|Android.Build.0 = Release|Android
		{3E5C5315-9383-4C8B-B937-28409507A6CE}.Release|Android.Deploy.0 = Release|Android
		{3E5C5315-9383-4C8B-B937-28409507A6CE}.Release|iOS.ActiveCfg = Release|iOS
		{3E5C5315-9383-4C8B-B937-28409507A6CE}.Release|iOS.Build.0 = Release|iOS
		{3E5C5315-9383-4C8B-B937-28409507A6CE}.Release|iOS.Deploy.0 = Release|iOS
		{3E5C5315-9383-4C8B-B937-28409507A6CE}.Release|Windows Phone (Universal).ActiveCfg = Release|Windows Phone (Universal)
		{3E5C5315-9383-4C8B-B937-28409507A6CE}.Release|Windows Phone (Universal).Build.0 = Release|Windows Phone (Universal)
		{3E5C5315-9383-4C8B-B937-28409507A6CE}.Release|Windows Phone (Universal).Deploy.0 = Release|Windows Phone (Universal)
		{3E5C5315-9383-4C8B-B937-28409507A6CE}.Release|Windows Phone 8.ActiveCfg = Release|Windows Phone 8
		{3E5C5315-9383-4C8B-B937-28409507A6CE}.Release|Windows Phone 8.Build.0 = Release|Windows Phone 8
		{3E5C5315-9383-4C8B-B937-28409507A6CE}.Release|Windows Phone 8.Deploy.0 = Release|Windows Phone 8
		{3E5C5315-9383-4C8B-B937-28409507A6CE}.Release|Windows-AnyCPU.ActiveCfg = Release|Windows-AnyCPU
		{3E5C5315-9383-4C8B-B937-28409507A6CE}.Release|Windows-AnyCPU.Build.0 = Release|Windows-AnyCPU
		{3E5C5315-9383-4C8B-B937-28409507A6CE}.Release|Windows-AnyCPU.Deploy.0 = Release|Windows-AnyCPU
		{3E5C5315-9383-4C8B-B937-28409507A6CE}.Release|Windows-ARM.ActiveCfg = Release|Windows-ARM
		{3E5C5315-9383-4C8B-B937-28409507A6CE}.Release|Windows-ARM.Build.0 = Release|Windows-ARM
		{3E5C5315-9383-4C8B-B937-28409507A6CE}.Release|Windows-ARM.Deploy.0 = Release|Windows-ARM
		{3E5C5315-9383-4C8B-B937-28409507A6CE}.Release|Windows-x64.ActiveCfg = Release|Windows-x64
		{3E5C5315-9383-4C8B-B937-28409507A6CE}.Release|Windows-x64.Build.0 = Release|Windows-x64
		{3E5C5315-9383-4C8B-B937-28409507A6CE}.Release|Windows-x64.Deploy.0 = Release|Windows-x64
		{3E5C5315-9383-4C8B-B937-28409507A6CE}.Release|Windows-x86.ActiveCfg = Release|Windows-x86
		{3E5C5315-9383-4C8B-B937-28409507A6CE}.Release|Windows-x86.Build.0 = Release|Windows-x86
		{3E5C5315-9383-4C8B-B937-28409507A6CE}.Release|Windows-x86.Deploy.0 = Release|Windows-x86
	EndGlobalSection
	GlobalSection(SolutionProperties) = preSolution
		HideSolutionNode = FALSE
	EndGlobalSection
EndGlobal
